
Microsoft Visual Studio Solution File, Format Version 12.00
# Visual Studio Version 16
VisualStudioVersion = 16.0.31911.196
MinimumVisualStudioVersion = 10.0.40219.1
Project("{9A19103F-16F7-4668-BE54-9A1E7A4F7556}") = "Assessment.API", "Assessment.API\Assessment.API.csproj", "{BB524EEC-661B-4969-92DE-E1AC9258D08A}"
EndProject
Project("{2150E333-8FDC-42A3-9474-1A3956D46DE8}") = "Core", "Core", "{CD3FE96B-6499-4244-9C97-DCDDE24DB651}"
EndProject
Project("{9A19103F-16F7-4668-BE54-9A1E7A4F7556}") = "Assessment.Core", "Assessment.Core\Assessment.Core.csproj", "{FF163E78-03B8-40E5-A5B2-38519449798F}"
EndProject
Project("{FAE04EC0-301F-11D3-BF4B-00C04F79EFBC}") = "Assessment.Core.Tests", "Assessment.Core.Tests\Assessment.Core.Tests.csproj", "{8EF0E581-60A1-4057-B7F6-9234EF04E83E}"
EndProject
Global
	GlobalSection(SolutionConfigurationPlatforms) = preSolution
		Debug|Any CPU = Debug|Any CPU
		Release|Any CPU = Release|Any CPU
	EndGlobalSection
	GlobalSection(ProjectConfigurationPlatforms) = postSolution
		{BB524EEC-661B-4969-92DE-E1AC9258D08A}.Debug|Any CPU.ActiveCfg = Debug|Any CPU
		{BB524EEC-661B-4969-92DE-E1AC9258D08A}.Debug|Any CPU.Build.0 = Debug|Any CPU
		{BB524EEC-661B-4969-92DE-E1AC9258D08A}.Release|Any CPU.ActiveCfg = Release|Any CPU
		{BB524EEC-661B-4969-92DE-E1AC9258D08A}.Release|Any CPU.Build.0 = Release|Any CPU
		{FF163E78-03B8-40E5-A5B2-38519449798F}.Debug|Any CPU.ActiveCfg = Debug|Any CPU
		{FF163E78-03B8-40E5-A5B2-38519449798F}.Debug|Any CPU.Build.0 = Debug|Any CPU
		{FF163E78-03B8-40E5-A5B2-38519449798F}.Release|Any CPU.ActiveCfg = Release|Any CPU
		{FF163E78-03B8-40E5-A5B2-38519449798F}.Release|Any CPU.Build.0 = Release|Any CPU
		{8EF0E581-60A1-4057-B7F6-9234EF04E83E}.Debug|Any CPU.ActiveCfg = Debug|Any CPU
		{8EF0E581-60A1-4057-B7F6-9234EF04E83E}.Debug|Any CPU.Build.0 = Debug|Any CPU
		{8EF0E581-60A1-4057-B7F6-9234EF04E83E}.Release|Any CPU.ActiveCfg = Release|Any CPU
		{8EF0E581-60A1-4057-B7F6-9234EF04E83E}.Release|Any CPU.Build.0 = Release|Any CPU
	EndGlobalSection
	GlobalSection(SolutionProperties) = preSolution
		HideSolutionNode = FALSE
	EndGlobalSection
	GlobalSection(NestedProjects) = preSolution
		{FF163E78-03B8-40E5-A5B2-38519449798F} = {CD3FE96B-6499-4244-9C97-DCDDE24DB651}
		{8EF0E581-60A1-4057-B7F6-9234EF04E83E} = {CD3FE96B-6499-4244-9C97-DCDDE24DB651}
	EndGlobalSection
	GlobalSection(ExtensibilityGlobals) = postSolution
		SolutionGuid = {AA1D8437-85A7-4130-B9BA-6BAE0F2D4EDD}
	EndGlobalSection
EndGlobal
