
Microsoft Visual Studio Solution File, Format Version 12.00
# Visual Studio Version 17
VisualStudioVersion = 17.0.32112.339
MinimumVisualStudioVersion = 10.0.40219.1
Project("{FAE04EC0-301F-11D3-BF4B-00C04F79EFBC}") = "Imagine.BookStore", "Imagine.BookStore\Imagine.BookStore.csproj", "{52A3B3C0-CCE4-44F8-9D25-CD7505B8964F}"
EndProject
Project("{2150E333-8FDC-42A3-9474-1A3956D46DE8}") = "Presentations", "Presentations", "{F9DBB3F6-40C8-4F7A-B823-A4ACD4C9D131}"
EndProject
Project("{2150E333-8FDC-42A3-9474-1A3956D46DE8}") = "Core", "Core", "{B08A18C2-C890-488E-87DF-BA1667D30EA6}"
EndProject
Project("{2150E333-8FDC-42A3-9474-1A3956D46DE8}") = "src", "src", "{F5EAAF5C-9DD1-4915-AA1A-FCA56DBFE9F2}"
EndProject
Project("{2150E333-8FDC-42A3-9474-1A3956D46DE8}") = "test", "test", "{9AE6059D-FECE-4838-8FDA-F9268DD747D7}"
EndProject
Project("{FAE04EC0-301F-11D3-BF4B-00C04F79EFBC}") = "Imagine.BookStore.Application", "Imagine.BookStore.Application\Imagine.BookStore.Application.csproj", "{0FC670F4-5191-4F0D-87E9-BE77A62A6CA8}"
EndProject
Project("{FAE04EC0-301F-11D3-BF4B-00C04F79EFBC}") = "Imagine.BookStore.Domain", "Imagine.BookStore.Domain\Imagine.BookStore.Domain.csproj", "{2D9CA09A-9740-4BD5-AB16-B452AD298613}"
EndProject
Project("{2150E333-8FDC-42A3-9474-1A3956D46DE8}") = "Shared", "Shared", "{25610585-DD83-4AB6-9D16-40562FD87011}"
EndProject
Project("{FAE04EC0-301F-11D3-BF4B-00C04F79EFBC}") = "Imagine.BookStore.Shared", "Imagine.BookStore.Shared\Imagine.BookStore.Shared.csproj", "{05DF6A4D-78FE-41F8-98B4-71EAB3C9FB14}"
EndProject
Project("{2150E333-8FDC-42A3-9474-1A3956D46DE8}") = "Infrastructure", "Infrastructure", "{1801CEFE-3987-48BE-A753-7874052A9916}"
EndProject
Project("{FAE04EC0-301F-11D3-BF4B-00C04F79EFBC}") = "Imagine.BookStore.Persistence", "Imagine.BookStore.Persistence\Imagine.BookStore.Persistence.csproj", "{C9F5052E-CC0F-4CEC-92C4-0FDC0320707B}"
EndProject
Project("{2150E333-8FDC-42A3-9474-1A3956D46DE8}") = "API", "API", "{8B579365-0419-43FA-95EA-3A25B323A4FE}"
EndProject
Project("{2150E333-8FDC-42A3-9474-1A3956D46DE8}") = "UI", "UI", "{B01E6481-B125-4531-B85B-C5D55F1344F4}"
EndProject
Global
	GlobalSection(SolutionConfigurationPlatforms) = preSolution
		Debug|Any CPU = Debug|Any CPU
		Release|Any CPU = Release|Any CPU
	EndGlobalSection
	GlobalSection(ProjectConfigurationPlatforms) = postSolution
		{52A3B3C0-CCE4-44F8-9D25-CD7505B8964F}.Debug|Any CPU.ActiveCfg = Debug|Any CPU
		{52A3B3C0-CCE4-44F8-9D25-CD7505B8964F}.Debug|Any CPU.Build.0 = Debug|Any CPU
		{52A3B3C0-CCE4-44F8-9D25-CD7505B8964F}.Release|Any CPU.ActiveCfg = Release|Any CPU
		{52A3B3C0-CCE4-44F8-9D25-CD7505B8964F}.Release|Any CPU.Build.0 = Release|Any CPU
		{0FC670F4-5191-4F0D-87E9-BE77A62A6CA8}.Debug|Any CPU.ActiveCfg = Debug|Any CPU
		{0FC670F4-5191-4F0D-87E9-BE77A62A6CA8}.Debug|Any CPU.Build.0 = Debug|Any CPU
		{0FC670F4-5191-4F0D-87E9-BE77A62A6CA8}.Release|Any CPU.ActiveCfg = Release|Any CPU
		{0FC670F4-5191-4F0D-87E9-BE77A62A6CA8}.Release|Any CPU.Build.0 = Release|Any CPU
		{2D9CA09A-9740-4BD5-AB16-B452AD298613}.Debug|Any CPU.ActiveCfg = Debug|Any CPU
		{2D9CA09A-9740-4BD5-AB16-B452AD298613}.Debug|Any CPU.Build.0 = Debug|Any CPU
		{2D9CA09A-9740-4BD5-AB16-B452AD298613}.Release|Any CPU.ActiveCfg = Release|Any CPU
		{2D9CA09A-9740-4BD5-AB16-B452AD298613}.Release|Any CPU.Build.0 = Release|Any CPU
		{05DF6A4D-78FE-41F8-98B4-71EAB3C9FB14}.Debug|Any CPU.ActiveCfg = Debug|Any CPU
		{05DF6A4D-78FE-41F8-98B4-71EAB3C9FB14}.Debug|Any CPU.Build.0 = Debug|Any CPU
		{05DF6A4D-78FE-41F8-98B4-71EAB3C9FB14}.Release|Any CPU.ActiveCfg = Release|Any CPU
		{05DF6A4D-78FE-41F8-98B4-71EAB3C9FB14}.Release|Any CPU.Build.0 = Release|Any CPU
		{C9F5052E-CC0F-4CEC-92C4-0FDC0320707B}.Debug|Any CPU.ActiveCfg = Debug|Any CPU
		{C9F5052E-CC0F-4CEC-92C4-0FDC0320707B}.Debug|Any CPU.Build.0 = Debug|Any CPU
		{C9F5052E-CC0F-4CEC-92C4-0FDC0320707B}.Release|Any CPU.ActiveCfg = Release|Any CPU
		{C9F5052E-CC0F-4CEC-92C4-0FDC0320707B}.Release|Any CPU.Build.0 = Release|Any CPU
	EndGlobalSection
	GlobalSection(SolutionProperties) = preSolution
		HideSolutionNode = FALSE
	EndGlobalSection
	GlobalSection(NestedProjects) = preSolution
		{52A3B3C0-CCE4-44F8-9D25-CD7505B8964F} = {8B579365-0419-43FA-95EA-3A25B323A4FE}
		{F9DBB3F6-40C8-4F7A-B823-A4ACD4C9D131} = {F5EAAF5C-9DD1-4915-AA1A-FCA56DBFE9F2}
		{B08A18C2-C890-488E-87DF-BA1667D30EA6} = {F5EAAF5C-9DD1-4915-AA1A-FCA56DBFE9F2}
		{0FC670F4-5191-4F0D-87E9-BE77A62A6CA8} = {B08A18C2-C890-488E-87DF-BA1667D30EA6}
		{2D9CA09A-9740-4BD5-AB16-B452AD298613} = {B08A18C2-C890-488E-87DF-BA1667D30EA6}
		{25610585-DD83-4AB6-9D16-40562FD87011} = {F5EAAF5C-9DD1-4915-AA1A-FCA56DBFE9F2}
		{05DF6A4D-78FE-41F8-98B4-71EAB3C9FB14} = {25610585-DD83-4AB6-9D16-40562FD87011}
		{1801CEFE-3987-48BE-A753-7874052A9916} = {F5EAAF5C-9DD1-4915-AA1A-FCA56DBFE9F2}
		{C9F5052E-CC0F-4CEC-92C4-0FDC0320707B} = {1801CEFE-3987-48BE-A753-7874052A9916}
		{8B579365-0419-43FA-95EA-3A25B323A4FE} = {F9DBB3F6-40C8-4F7A-B823-A4ACD4C9D131}
		{B01E6481-B125-4531-B85B-C5D55F1344F4} = {F9DBB3F6-40C8-4F7A-B823-A4ACD4C9D131}
	EndGlobalSection
	GlobalSection(ExtensibilityGlobals) = postSolution
		SolutionGuid = {85357AAC-C600-4614-A4B7-591DD8FEF3E4}
	EndGlobalSection
EndGlobal
